
Microsoft Visual Studio Solution File, Format Version 12.00
# Visual Studio 14
VisualStudioVersion = 14.0.25420.1
MinimumVisualStudioVersion = 10.0.40219.1
Project("{FAE04EC0-301F-11D3-BF4B-00C04F79EFBC}") = "MVCKendoBootstrap", "MVCKendoBootstrap\MVCKendoBootstrap.csproj", "{913AEB7B-EAD0-437B-8011-4F6F60CF3764}"
EndProject
Project("{FAE04EC0-301F-11D3-BF4B-00C04F79EFBC}") = "WebAPIServices", "WebAPIServices\WebAPIServices.csproj", "{18F1882A-E280-4916-B09F-96FA3DF59A48}"
EndProject
Global
	GlobalSection(SolutionConfigurationPlatforms) = preSolution
		Debug|Any CPU = Debug|Any CPU
		Release|Any CPU = Release|Any CPU
	EndGlobalSection
	GlobalSection(ProjectConfigurationPlatforms) = postSolution
		{913AEB7B-EAD0-437B-8011-4F6F60CF3764}.Debug|Any CPU.ActiveCfg = Debug|Any CPU
		{913AEB7B-EAD0-437B-8011-4F6F60CF3764}.Debug|Any CPU.Build.0 = Debug|Any CPU
		{913AEB7B-EAD0-437B-8011-4F6F60CF3764}.Release|Any CPU.ActiveCfg = Release|Any CPU
		{913AEB7B-EAD0-437B-8011-4F6F60CF3764}.Release|Any CPU.Build.0 = Release|Any CPU
		{18F1882A-E280-4916-B09F-96FA3DF59A48}.Debug|Any CPU.ActiveCfg = Debug|Any CPU
		{18F1882A-E280-4916-B09F-96FA3DF59A48}.Debug|Any CPU.Build.0 = Debug|Any CPU
		{18F1882A-E280-4916-B09F-96FA3DF59A48}.Release|Any CPU.ActiveCfg = Release|Any CPU
		{18F1882A-E280-4916-B09F-96FA3DF59A48}.Release|Any CPU.Build.0 = Release|Any CPU
	EndGlobalSection
	GlobalSection(SolutionProperties) = preSolution
		HideSolutionNode = FALSE
	EndGlobalSection
EndGlobal
